
Microsoft Visual Studio Solution File, Format Version 12.00
# Visual Studio Version 17
VisualStudioVersion = 17.4.33213.308
MinimumVisualStudioVersion = 10.0.40219.1
Project("{FAE04EC0-301F-11D3-BF4B-00C04F79EFBC}") = "KutuphaneProjesi", "KutuphaneProjesi.csproj", "{295C483E-9575-4444-A274-8FEB63D7B6CD}"
EndProject
Global
	GlobalSection(SolutionConfigurationPlatforms) = preSolution
		Debug|Any CPU = Debug|Any CPU
		Release|Any CPU = Release|Any CPU
	EndGlobalSection
	GlobalSection(ProjectConfigurationPlatforms) = postSolution
		{295C483E-9575-4444-A274-8FEB63D7B6CD}.Debug|Any CPU.ActiveCfg = Debug|Any CPU
		{295C483E-9575-4444-A274-8FEB63D7B6CD}.Debug|Any CPU.Build.0 = Debug|Any CPU
		{295C483E-9575-4444-A274-8FEB63D7B6CD}.Release|Any CPU.ActiveCfg = Release|Any CPU
		{295C483E-9575-4444-A274-8FEB63D7B6CD}.Release|Any CPU.Build.0 = Release|Any CPU
	EndGlobalSection
	GlobalSection(SolutionProperties) = preSolution
		HideSolutionNode = FALSE
	EndGlobalSection
	GlobalSection(ExtensibilityGlobals) = postSolution
		SolutionGuid = {B0DDAE96-5D2B-4B2F-87C8-DA76CB803166}
	EndGlobalSection
EndGlobal
